{
  "name": "learn",
  "version": "1.0.0",
  "lockfileVersion": 3,
  "requires": true,
  "packages": {
    "": {
      "name": "learn",
      "version": "1.0.0",
      "license": "ISC",
      "dependencies": {
        "stream": "^0.0.3",
        "undici": "^7.4.0"
      },
      "devDependencies": {
        "typescript": "^5.8.2"
      }
    },
    "node_modules/component-emitter": {
      "version": "2.0.0",
      "resolved": "https://registry.npmjs.org/component-emitter/-/component-emitter-2.0.0.tgz",
      "integrity": "sha512-4m5s3Me2xxlVKG9PkZpQqHQR7bgpnN7joDMJ4yvVkVXngjoITG76IaZmzmywSeRTeTpc6N6r3H3+KyUurV8OYw==",
      "license": "MIT",
      "engines": {
        "node": ">=18"
      },
      "funding": {
        "url": "https://github.com/sponsors/sindresorhus"
      }
    },
    "node_modules/stream": {
      "version": "0.0.3",
      "resolved": "https://registry.npmjs.org/stream/-/stream-0.0.3.tgz",
      "integrity": "sha512-aMsbn7VKrl4A2T7QAQQbzgN7NVc70vgF5INQrBXqn4dCXN1zy3L9HGgLO5s7PExmdrzTJ8uR/27aviW8or8/+A==",
      "license": "MIT",
      "dependencies": {
        "component-emitter": "^2.0.0"
      }
    },
    "node_modules/typescript": {
      "version": "5.8.2",
      "resolved": "https://registry.npmjs.org/typescript/-/typescript-5.8.2.tgz",
      "integrity": "sha512-aJn6wq13/afZp/jT9QZmwEjDqqvSGp1VT5GVg+f/t6/oVyrgXM6BY1h9BRh/O5p3PlUPAe+WuiEZOmb/49RqoQ==",
      "dev": true,
      "license": "Apache-2.0",
      "bin": {
        "tsc": "bin/tsc",
        "tsserver": "bin/tsserver"
      },
      "engines": {
        "node": ">=14.17"
      }
    },
    "node_modules/undici": {
      "version": "7.4.0",
      "resolved": "https://registry.npmjs.org/undici/-/undici-7.4.0.tgz",
      "integrity": "sha512-PUQM3/es3noM24oUn10u3kNNap0AbxESOmnssmW+dOi9yGwlUSi5nTNYl3bNbTkWOF8YZDkx2tCmj9OtQ3iGGw==",
      "license": "MIT",
      "engines": {
        "node": ">=20.18.1"
      }
    }
  }
}
